{
    "requires": true,
    "lockfileVersion": 1,
    "dependencies": {
        "alertifyjs": {
            "version": "1.11.2",
            "resolved": "https://registry.npmjs.org/alertifyjs/-/alertifyjs-1.11.2.tgz",
            "integrity": "sha512-WhNCHCz5WycRJ34/gDAQQU4hqiOc6VyvDPi/eiPUJf3HIYm0U0L23zDGXR1cSXdYCzvZVxlHdQH7asXVjHBHqA=="
        }
    }
}
